
Microsoft Visual Studio Solution File, Format Version 12.00
# Visual Studio Version 17
VisualStudioVersion = 17.8.34316.72
MinimumVisualStudioVersion = 10.0.40219.1
Project("{FAE04EC0-301F-11D3-BF4B-00C04F79EFBC}") = "Week17", "Week17\Week17.csproj", "{7AC7D872-915A-4BD9-BBED-3624977225E8}"
EndProject
Global
	GlobalSection(SolutionConfigurationPlatforms) = preSolution
		Debug|Any CPU = Debug|Any CPU
		Release|Any CPU = Release|Any CPU
	EndGlobalSection
	GlobalSection(ProjectConfigurationPlatforms) = postSolution
		{7AC7D872-915A-4BD9-BBED-3624977225E8}.Debug|Any CPU.ActiveCfg = Debug|Any CPU
		{7AC7D872-915A-4BD9-BBED-3624977225E8}.Debug|Any CPU.Build.0 = Debug|Any CPU
		{7AC7D872-915A-4BD9-BBED-3624977225E8}.Release|Any CPU.ActiveCfg = Release|Any CPU
		{7AC7D872-915A-4BD9-BBED-3624977225E8}.Release|Any CPU.Build.0 = Release|Any CPU
	EndGlobalSection
	GlobalSection(SolutionProperties) = preSolution
		HideSolutionNode = FALSE
	EndGlobalSection
	GlobalSection(ExtensibilityGlobals) = postSolution
		SolutionGuid = {59D6C898-50EA-4A9B-92A4-4B78B5523FF5}
	EndGlobalSection
EndGlobal
